
Microsoft Visual Studio Solution File, Format Version 12.00
# Visual Studio Version 17
VisualStudioVersion = 17.2.32519.379
MinimumVisualStudioVersion = 10.0.40219.1
Project("{888888A0-9F3D-457C-B088-3A5042F75D52}") = "yadayada", "yadayada.pyproj", "{F5563E69-DFC2-419C-9928-DB0071841B37}"
EndProject
Global
	GlobalSection(SolutionConfigurationPlatforms) = preSolution
		Debug|Any CPU = Debug|Any CPU
		Release|Any CPU = Release|Any CPU
	EndGlobalSection
	GlobalSection(ProjectConfigurationPlatforms) = postSolution
		{F5563E69-DFC2-419C-9928-DB0071841B37}.Debug|Any CPU.ActiveCfg = Debug|Any CPU
		{F5563E69-DFC2-419C-9928-DB0071841B37}.Release|Any CPU.ActiveCfg = Release|Any CPU
	EndGlobalSection
	GlobalSection(SolutionProperties) = preSolution
		HideSolutionNode = FALSE
	EndGlobalSection
	GlobalSection(ExtensibilityGlobals) = postSolution
		SolutionGuid = {B2CB8804-269C-4BF8-A43D-F1C70DB30EAE}
	EndGlobalSection
EndGlobal
